PODS:
  - Masonry (1.0.2)
  - TextDrawer (1.0.6):
    - Masonry

DEPENDENCIES:
  - TextDrawer (from `..`)

EXTERNAL SOURCES:
  TextDrawer:
    :path: ".."

SPEC CHECKSUMS:
  Masonry: 7c429b56da9d4ee0bbb3ed77a5ea710d6a5df39e
  TextDrawer: 58ac2723f929030ebbe74cf0ee16c11b79e3d73c

PODFILE CHECKSUM: e6ae900997b4414b4bc8a2600064ea88ce79522a

COCOAPODS: 1.2.1
